
Microsoft Visual Studio Solution File, Format Version 12.00
# Visual Studio Version 16
VisualStudioVersion = 16.0.810.21
MinimumVisualStudioVersion = 10.0.40219.1
Project("{FAE04EC0-301F-11D3-BF4B-00C04F79EFBC}") = "ITMO.FirstCourseProject.FirstCSApp", "ITMO.FirstCourseProject.FirstCSApp.csproj", "{97201A23-9CFF-499E-96A2-2778752D36B3}"
EndProject
Global
	GlobalSection(SolutionConfigurationPlatforms) = preSolution
		Debug|Any CPU = Debug|Any CPU
		Release|Any CPU = Release|Any CPU
	EndGlobalSection
	GlobalSection(ProjectConfigurationPlatforms) = postSolution
		{97201A23-9CFF-499E-96A2-2778752D36B3}.Debug|Any CPU.ActiveCfg = Debug|Any CPU
		{97201A23-9CFF-499E-96A2-2778752D36B3}.Debug|Any CPU.Build.0 = Debug|Any CPU
		{97201A23-9CFF-499E-96A2-2778752D36B3}.Release|Any CPU.ActiveCfg = Release|Any CPU
		{97201A23-9CFF-499E-96A2-2778752D36B3}.Release|Any CPU.Build.0 = Release|Any CPU
	EndGlobalSection
	GlobalSection(SolutionProperties) = preSolution
		HideSolutionNode = FALSE
	EndGlobalSection
	GlobalSection(ExtensibilityGlobals) = postSolution
		SolutionGuid = {CDD898F9-86CC-4F8E-BCDE-988A8994812D}
	EndGlobalSection
EndGlobal
